{
  "version": 4,
  "terraform_version": "1.10.0",
  "serial": 11,
  "lineage": "36680a4f-073d-1aef-fa53-e9cd92258009",
  "outputs": {},
  "resources": [
    {
      "module": "module.k8s_dashboard",
      "mode": "managed",
      "type": "helm_release",
      "name": "kubernetes_dashboard",
      "provider": "provider[\"registry.terraform.io/hashicorp/helm\"]",
      "instances": [
        {
          "schema_version": 1,
          "attributes": {
            "atomic": false,
            "chart": "kubernetes-dashboard",
            "cleanup_on_fail": false,
            "create_namespace": false,
            "dependency_update": false,
            "description": null,
            "devel": null,
            "disable_crd_hooks": false,
            "disable_openapi_validation": false,
            "disable_webhooks": false,
            "force_update": false,
            "id": "kubernetes-dashboard",
            "keyring": null,
            "lint": false,
            "manifest": null,
            "max_history": 0,
            "metadata": [
              {
                "app_version": "",
                "chart": "kubernetes-dashboard",
                "first_deployed": 1733317651,
                "last_deployed": 1733317651,
                "name": "kubernetes-dashboard",
                "namespace": "kubernetes-dashboard",
                "notes": "cert-manager v1.14.5 has been deployed successfully!\n\nIn order to begin issuing certificates, you will need to set up a ClusterIssuer\nor Issuer resource (for example, by creating a 'letsencrypt-staging' issuer).\n\nMore information on the different types of issuers and how to configure them\ncan be found in our documentation:\n\nhttps://cert-manager.io/docs/configuration/\n\nFor information on how to configure cert-manager to automatically provision\nCertificates for Ingress resources, take a look at the `ingress-shim`\ndocumentation:\n\nhttps://cert-manager.io/docs/usage/ingress/\n\n*************************************************************************************************\n*** PLEASE BE PATIENT: Kubernetes Dashboard may need a few minutes to get up and become ready ***\n*************************************************************************************************\n\nCongratulations! You have just installed Kubernetes Dashboard in your cluster.\n\nTo access Dashboard run:\n  kubectl -n kubernetes-dashboard port-forward svc/kubernetes-dashboard-kong-proxy 8443:443\n\nNOTE: In case port-forward command does not work, make sure that kong service name is correct.\n      Check the services in Kubernetes Dashboard namespace using:\n        kubectl -n kubernetes-dashboard get svc\n\nDashboard will be available at:\n  https://localhost:8443\n\n\n\nTo connect to Kong, please execute the following commands:\nexport PROXY_IP=${HOST}:${PORT}\ncurl $PROXY_IP\n\nOnce installed, please follow along the getting started guide to start using\nKong: https://docs.konghq.com/kubernetes-ingress-controller/latest/guides/getting-started/\n\nWARNING: Kong Manager will not be functional because the Admin API is not\nenabled. Setting both .admin.enabled and .admin.http.enabled and/or\n.admin.tls.enabled to true to enable the Admin API over HTTP/TLS.\n\n",
                "revision": 1,
                "values": "{\"cert-manager\":{\"enabled\":true},\"kong\":{\"admin\":{\"tls\":{\"enabled\":true}},\"enabled\":true},\"metrics-server\":{\"enabled\":false},\"metricsScraper\":{\"enabled\":true},\"nginx\":{\"enabled\":false},\"protocolHttp\":false}",
                "version": "7.6.1"
              }
            ],
            "name": "kubernetes-dashboard",
            "namespace": "kubernetes-dashboard",
            "pass_credentials": false,
            "postrender": [],
            "recreate_pods": false,
            "render_subchart_notes": true,
            "replace": false,
            "repository": "https://kubernetes.github.io/dashboard/",
            "repository_ca_file": null,
            "repository_cert_file": null,
            "repository_key_file": null,
            "repository_password": null,
            "repository_username": null,
            "reset_values": false,
            "reuse_values": false,
            "set": [
              {
                "name": "cert-manager.enabled",
                "type": "",
                "value": "true"
              },
              {
                "name": "kong.admin.tls.enabled",
                "type": "",
                "value": "true"
              },
              {
                "name": "kong.enabled",
                "type": "",
                "value": "true"
              },
              {
                "name": "metrics-server.enabled",
                "type": "",
                "value": "false"
              },
              {
                "name": "metricsScraper.enabled",
                "type": "",
                "value": "true"
              },
              {
                "name": "nginx.enabled",
                "type": "",
                "value": "false"
              },
              {
                "name": "protocolHttp",
                "type": "",
                "value": "false"
              }
            ],
            "set_list": [],
            "set_sensitive": [],
            "skip_crds": false,
            "status": "deployed",
            "timeout": 300,
            "upgrade_install": null,
            "values": null,
            "verify": false,
            "version": "7.6.1",
            "wait": true,
            "wait_for_jobs": false
          },
          "sensitive_attributes": [
            [
              {
                "type": "get_attr",
                "value": "repository_password"
              }
            ]
          ],
          "private": "eyJzY2hlbWFfdmVyc2lvbiI6IjEifQ==",
          "dependencies": [
            "module.k8s_dashboard.kubernetes_namespace.kubernetes_dashboard"
          ]
        }
      ]
    },
    {
      "module": "module.k8s_dashboard",
      "mode": "managed",
      "type": "kubernetes_cluster_role_binding",
      "name": "dashboard_admin_user",
      "provider": "provider[\"registry.terraform.io/hashicorp/kubernetes\"]",
      "instances": [
        {
          "schema_version": 0,
          "attributes": {
            "id": "dashboard-admin-user",
            "metadata": [
              {
                "annotations": null,
                "generate_name": "",
                "generation": 0,
                "labels": null,
                "name": "dashboard-admin-user",
                "resource_version": "2982",
                "uid": "36bc55ba-184a-4a86-93dd-297cefc8ea19"
              }
            ],
            "role_ref": [
              {
                "api_group": "rbac.authorization.k8s.io",
                "kind": "ClusterRole",
                "name": "cluster-admin"
              }
            ],
            "subject": [
              {
                "api_group": "",
                "kind": "ServiceAccount",
                "name": "dashboard-admin-user",
                "namespace": "kubernetes-dashboard"
              }
            ]
          },
          "sensitive_attributes": [],
          "private": "bnVsbA==",
          "dependencies": [
            "module.k8s_dashboard.kubernetes_service_account.dashboard_admin_user"
          ]
        }
      ]
    },
    {
      "module": "module.k8s_dashboard",
      "mode": "managed",
      "type": "kubernetes_ingress_v1",
      "name": "dashboard_ingress",
      "provider": "provider[\"registry.terraform.io/hashicorp/kubernetes\"]",
      "instances": [
        {
          "schema_version": 0,
          "attributes": {
            "id": "kubernetes-dashboard/dashboard-ingress",
            "metadata": [
              {
                "annotations": {
                  "nginx.ingress.kubernetes.io/backend-protocol": "HTTPS",
                  "nginx.ingress.kubernetes.io/proxy-body-size": "10m",
                  "nginx.ingress.kubernetes.io/proxy-buffering": "off",
                  "nginx.ingress.kubernetes.io/ssl-redirect": "true"
                },
                "generate_name": "",
                "generation": 1,
                "labels": null,
                "name": "dashboard-ingress",
                "namespace": "kubernetes-dashboard",
                "resource_version": "2979",
                "uid": "0ce7875d-80f8-4690-bebe-29a0e3787dcb"
              }
            ],
            "spec": [
              {
                "default_backend": [],
                "ingress_class_name": "nginx",
                "rule": [
                  {
                    "host": "dashboard.local",
                    "http": [
                      {
                        "path": [
                          {
                            "backend": [
                              {
                                "resource": [],
                                "service": [
                                  {
                                    "name": "kubernetes-dashboard",
                                    "port": [
                                      {
                                        "name": "",
                                        "number": 443
                                      }
                                    ]
                                  }
                                ]
                              }
                            ],
                            "path": "/",
                            "path_type": "Prefix"
                          }
                        ]
                      }
                    ]
                  }
                ],
                "tls": []
              }
            ],
            "status": [
              {
                "load_balancer": [
                  {
                    "ingress": []
                  }
                ]
              }
            ],
            "timeouts": null,
            "wait_for_load_balancer": null
          },
          "sensitive_attributes": [],
          "private": "eyJlMmJmYjczMC1lY2FhLTExZTYtOGY4OC0zNDM2M2JjN2M0YzAiOnsiY3JlYXRlIjoxMjAwMDAwMDAwMDAwLCJkZWxldGUiOjEyMDAwMDAwMDAwMDB9fQ==",
          "dependencies": [
            "module.k8s_dashboard.kubernetes_namespace.kubernetes_dashboard",
            "module.k8s_dashboard.kubernetes_service.dashboard"
          ]
        }
      ]
    },
    {
      "module": "module.k8s_dashboard",
      "mode": "managed",
      "type": "kubernetes_namespace",
      "name": "kubernetes_dashboard",
      "provider": "provider[\"registry.terraform.io/hashicorp/kubernetes\"]",
      "instances": [
        {
          "schema_version": 0,
          "attributes": {
            "id": "kubernetes-dashboard",
            "metadata": [
              {
                "annotations": null,
                "generate_name": "",
                "generation": 0,
                "labels": null,
                "name": "kubernetes-dashboard",
                "resource_version": "2970",
                "uid": "54e6bd31-f81a-445d-b6e4-ec6b430f53e9"
              }
            ],
            "timeouts": null,
            "wait_for_default_service_account": false
          },
          "sensitive_attributes": [],
          "private": "eyJlMmJmYjczMC1lY2FhLTExZTYtOGY4OC0zNDM2M2JjN2M0YzAiOnsiZGVsZXRlIjozMDAwMDAwMDAwMDB9fQ=="
        }
      ]
    },
    {
      "module": "module.k8s_dashboard",
      "mode": "managed",
      "type": "kubernetes_secret",
      "name": "token_secret",
      "provider": "provider[\"registry.terraform.io/hashicorp/kubernetes\"]",
      "instances": [
        {
          "schema_version": 0,
          "attributes": {
            "binary_data": null,
            "data": {
              "ca.crt": "-----BEGIN CERTIFICATE-----\nMIIBdzCCAR2gAwIBAgIBADAKBggqhkjOPQQDAjAjMSEwHwYDVQQDDBhrM3Mtc2Vy\ndmVyLWNhQDE3MzMzMTQwNTcwHhcNMjQxMjA0MTIwNzM3WhcNMzQxMjAyMTIwNzM3\nWjAjMSEwHwYDVQQDDBhrM3Mtc2VydmVyLWNhQDE3MzMzMTQwNTcwWTATBgcqhkjO\nPQIBBggqhkjOPQMBBwNCAAR+9u4t+yRB87ifYDV4HnyC6BhRexvdoNnWqEzQRXDH\nuk/rED9H79sQyeG4aJ3c6RJ8bs0uFHd376osh9xi75cno0IwQDAOBgNVHQ8BAf8E\nBAMCAqQwDwYDVR0TAQH/BAUwAwEB/zAdBgNVHQ4EFgQUhhmAY+VUzwLprFN949+n\nPA5YN/UwCgYIKoZIzj0EAwIDSAAwRQIgA4ZGQTwd89XpU6rQRKldvLIDLou6UDzt\nm52CsEqvwR4CIQCfvOHSajMaKE4YQO7ayp9mYYAZSL8lFcULdwTkoA0B7A==\n-----END CERTIFICATE-----\n",
              "namespace": "kubernetes-dashboard",
              "token": "eyJhbGciOiJSUzI1NiIsImtpZCI6IkxVSmZGVFBFWU1taU5ZS2tyZldBS3JGTGRtQzlzVVdmcWFBTVhWdlBPSFkifQ.eyJpc3MiOiJrdWJlcm5ldGVzL3NlcnZpY2VhY2NvdW50Iiwia3ViZXJuZXRlcy5pby9zZXJ2aWNlYWNjb3VudC9uYW1lc3BhY2UiOiJrdWJlcm5ldGVzLWRhc2hib2FyZCIsImt1YmVybmV0ZXMuaW8vc2VydmljZWFjY291bnQvc2VjcmV0Lm5hbWUiOiJkYXNoYm9hcmQtYWRtaW4tdXNlci10b2tlbiIsImt1YmVybmV0ZXMuaW8vc2VydmljZWFjY291bnQvc2VydmljZS1hY2NvdW50Lm5hbWUiOiJkYXNoYm9hcmQtYWRtaW4tdXNlciIsImt1YmVybmV0ZXMuaW8vc2VydmljZWFjY291bnQvc2VydmljZS1hY2NvdW50LnVpZCI6IjE0ZDIwMWQ5LTliZWEtNDc3NC05YWJjLWI5NTJkYmFkNDljNyIsInN1YiI6InN5c3RlbTpzZXJ2aWNlYWNjb3VudDprdWJlcm5ldGVzLWRhc2hib2FyZDpkYXNoYm9hcmQtYWRtaW4tdXNlciJ9.5_4wDwvHwIoiEHNmBWZKUFencT_MvFyRZKm4Z4sqxf-ULJwCe477LLuLgDdrv9uBO5t0SZ8UN8DxvyhlfNq1ku2mEL7SpxGKhF0r20blPSjbCG2Nbt7W-3210FFsTj3zaCSFCqcz7Agyr_lTFGgVeQgZxAldhwHHSDm8dTqCTkJ_GSChngMCPTqtB1NtRigAuBdmVV1FQ9QfSWtGwLxHhBOhiCnRBzTknmcRlf7TJ8DScY9c2wqU0Ui7OmFRVpu2lMamRFc8qcbpq20q0vtZwnq9qKnbqlNH5DFdOS_xnAddR_pZyRRCldt0LfVwFcfH_wg7dTs68OvJiI1BIZh2yA"
            },
            "id": "kubernetes-dashboard/dashboard-admin-user-token",
            "immutable": false,
            "metadata": [
              {
                "annotations": {
                  "kubernetes.io/service-account.name": "dashboard-admin-user"
                },
                "generate_name": "",
                "generation": 0,
                "labels": null,
                "name": "dashboard-admin-user-token",
                "namespace": "kubernetes-dashboard",
                "resource_version": "2983",
                "uid": "b2a85f21-2672-4cf6-9f96-095939c6bcba"
              }
            ],
            "timeouts": null,
            "type": "kubernetes.io/service-account-token",
            "wait_for_service_account_token": true
          },
          "sensitive_attributes": [
            [
              {
                "type": "get_attr",
                "value": "binary_data"
              }
            ],
            [
              {
                "type": "get_attr",
                "value": "data"
              }
            ]
          ],
          "private": "eyJlMmJmYjczMC1lY2FhLTExZTYtOGY4OC0zNDM2M2JjN2M0YzAiOnsiY3JlYXRlIjo2MDAwMDAwMDAwMH19",
          "dependencies": [
            "module.k8s_dashboard.kubernetes_service_account.dashboard_admin_user"
          ]
        }
      ]
    },
    {
      "module": "module.k8s_dashboard",
      "mode": "managed",
      "type": "kubernetes_service",
      "name": "dashboard",
      "provider": "provider[\"registry.terraform.io/hashicorp/kubernetes\"]",
      "instances": [
        {
          "schema_version": 1,
          "attributes": {
            "id": "kubernetes-dashboard/kubernetes-dashboard",
            "metadata": [
              {
                "annotations": null,
                "generate_name": "",
                "generation": 0,
                "labels": null,
                "name": "kubernetes-dashboard",
                "namespace": "kubernetes-dashboard",
                "resource_version": "2975",
                "uid": "fb71c30b-73c6-4308-8d68-1fdfec72a69c"
              }
            ],
            "spec": [
              {
                "allocate_load_balancer_node_ports": true,
                "cluster_ip": "10.43.55.90",
                "cluster_ips": [
                  "10.43.55.90"
                ],
                "external_ips": null,
                "external_name": "",
                "external_traffic_policy": "Cluster",
                "health_check_node_port": 0,
                "internal_traffic_policy": "Cluster",
                "ip_families": [
                  "IPv4"
                ],
                "ip_family_policy": "SingleStack",
                "load_balancer_class": "",
                "load_balancer_ip": "",
                "load_balancer_source_ranges": null,
                "port": [
                  {
                    "app_protocol": "",
                    "name": "",
                    "node_port": 30343,
                    "port": 443,
                    "protocol": "TCP",
                    "target_port": "8443"
                  }
                ],
                "publish_not_ready_addresses": false,
                "selector": {
                  "app.kubernetes.io/component": "app",
                  "app.kubernetes.io/instance": "kubernetes-dashboard",
                  "app.kubernetes.io/name": "kong"
                },
                "session_affinity": "None",
                "session_affinity_config": [],
                "type": "NodePort"
              }
            ],
            "status": [
              {
                "load_balancer": [
                  {
                    "ingress": []
                  }
                ]
              }
            ],
            "timeouts": null,
            "wait_for_load_balancer": true
          },
          "sensitive_attributes": [],
          "private": "eyJlMmJmYjczMC1lY2FhLTExZTYtOGY4OC0zNDM2M2JjN2M0YzAiOnsiY3JlYXRlIjo2MDAwMDAwMDAwMDB9LCJzY2hlbWFfdmVyc2lvbiI6IjEifQ==",
          "dependencies": [
            "module.k8s_dashboard.kubernetes_namespace.kubernetes_dashboard"
          ]
        }
      ]
    },
    {
      "module": "module.k8s_dashboard",
      "mode": "managed",
      "type": "kubernetes_service_account",
      "name": "dashboard_admin_user",
      "provider": "provider[\"registry.terraform.io/hashicorp/kubernetes\"]",
      "instances": [
        {
          "schema_version": 0,
          "attributes": {
            "automount_service_account_token": true,
            "default_secret_name": "",
            "id": "kubernetes-dashboard/dashboard-admin-user",
            "image_pull_secret": [],
            "metadata": [
              {
                "annotations": null,
                "generate_name": "",
                "generation": 0,
                "labels": null,
                "name": "dashboard-admin-user",
                "namespace": "kubernetes-dashboard",
                "resource_version": "2978",
                "uid": "14d201d9-9bea-4774-9abc-b952dbad49c7"
              }
            ],
            "secret": [],
            "timeouts": null
          },
          "sensitive_attributes": [],
          "private": "eyJlMmJmYjczMC1lY2FhLTExZTYtOGY4OC0zNDM2M2JjN2M0YzAiOnsiY3JlYXRlIjozMDAwMDAwMDAwMH19"
        }
      ]
    },
    {
      "module": "module.nginx_ingress",
      "mode": "managed",
      "type": "helm_release",
      "name": "nginx_ingress",
      "provider": "provider[\"registry.terraform.io/hashicorp/helm\"]",
      "instances": [
        {
          "schema_version": 1,
          "attributes": {
            "atomic": false,
            "chart": "ingress-nginx",
            "cleanup_on_fail": false,
            "create_namespace": false,
            "dependency_update": false,
            "description": null,
            "devel": null,
            "disable_crd_hooks": false,
            "disable_openapi_validation": false,
            "disable_webhooks": false,
            "force_update": false,
            "id": "nginx-ingress",
            "keyring": null,
            "lint": false,
            "manifest": null,
            "max_history": 0,
            "metadata": [
              {
                "app_version": "1.11.2",
                "chart": "ingress-nginx",
                "first_deployed": 1733317195,
                "last_deployed": 1733317195,
                "name": "nginx-ingress",
                "namespace": "ingress-nginx",
                "notes": "The ingress-nginx controller has been installed.\nIt may take a few minutes for the load balancer IP to be available.\nYou can watch the status by running 'kubectl get service --namespace ingress-nginx nginx-ingress-ingress-nginx-controller --output wide --watch'\n\nAn example Ingress that makes use of the controller:\n  apiVersion: networking.k8s.io/v1\n  kind: Ingress\n  metadata:\n    name: example\n    namespace: foo\n  spec:\n    ingressClassName: nginx\n    rules:\n      - host: www.example.com\n        http:\n          paths:\n            - pathType: Prefix\n              backend:\n                service:\n                  name: exampleService\n                  port:\n                    number: 80\n              path: /\n    # This section is only required if TLS is to be enabled for the Ingress\n    tls:\n      - hosts:\n        - www.example.com\n        secretName: example-tls\n\nIf TLS is enabled for the Ingress, a Secret containing the certificate and key must also be provided:\n\n  apiVersion: v1\n  kind: Secret\n  metadata:\n    name: example-tls\n    namespace: foo\n  data:\n    tls.crt: \u003cbase64 encoded cert\u003e\n    tls.key: \u003cbase64 encoded key\u003e\n  type: kubernetes.io/tls\n",
                "revision": 1,
                "values": "{\"controller\":{\"service\":{\"ports\":{\"http\":80,\"https\":443},\"type\":\"LoadBalancer\"}}}",
                "version": "4.11.2"
              }
            ],
            "name": "nginx-ingress",
            "namespace": "ingress-nginx",
            "pass_credentials": false,
            "postrender": [],
            "recreate_pods": false,
            "render_subchart_notes": true,
            "replace": false,
            "repository": "https://kubernetes.github.io/ingress-nginx",
            "repository_ca_file": null,
            "repository_cert_file": null,
            "repository_key_file": null,
            "repository_password": null,
            "repository_username": null,
            "reset_values": false,
            "reuse_values": false,
            "set": [
              {
                "name": "controller.service.ports.http",
                "type": "",
                "value": "80"
              },
              {
                "name": "controller.service.ports.https",
                "type": "",
                "value": "443"
              },
              {
                "name": "controller.service.type",
                "type": "",
                "value": "LoadBalancer"
              }
            ],
            "set_list": [],
            "set_sensitive": [],
            "skip_crds": false,
            "status": "deployed",
            "timeout": 300,
            "upgrade_install": null,
            "values": null,
            "verify": false,
            "version": "4.11.2",
            "wait": true,
            "wait_for_jobs": false
          },
          "sensitive_attributes": [
            [
              {
                "type": "get_attr",
                "value": "repository_password"
              }
            ]
          ],
          "private": "eyJzY2hlbWFfdmVyc2lvbiI6IjEifQ==",
          "dependencies": [
            "module.nginx_ingress.kubernetes_namespace.nginx_ingress_namespace"
          ]
        }
      ]
    },
    {
      "module": "module.nginx_ingress",
      "mode": "managed",
      "type": "kubernetes_namespace",
      "name": "nginx_ingress_namespace",
      "provider": "provider[\"registry.terraform.io/hashicorp/kubernetes\"]",
      "instances": [
        {
          "schema_version": 0,
          "attributes": {
            "id": "ingress-nginx",
            "metadata": [
              {
                "annotations": {
                  "name": "ingress-nginx"
                },
                "generate_name": "",
                "generation": 0,
                "labels": {
                  "app": "ingress-nginx"
                },
                "name": "ingress-nginx",
                "resource_version": "2492",
                "uid": "4c117984-9e70-4fed-89fd-ff78e7fc0c71"
              }
            ],
            "timeouts": null,
            "wait_for_default_service_account": false
          },
          "sensitive_attributes": [],
          "private": "eyJlMmJmYjczMC1lY2FhLTExZTYtOGY4OC0zNDM2M2JjN2M0YzAiOnsiZGVsZXRlIjozMDAwMDAwMDAwMDB9fQ=="
        }
      ]
    }
  ],
  "check_results": null
}
